// !$*UTF8*$!
{
	archiveVersion = 1;
	classes = {
	};
	objectVersion = 46;
	objects = {

/* Begin PBXBuildFile section */
		389530971D658E9000E872C8 /* AppDelegate.swift in Sources */ = {isa = PBXBuildFile; fileRef = 389530961D658E9000E872C8 /* AppDelegate.swift */; };
		389530991D658E9000E872C8 /* ViewController.swift in Sources */ = {isa = PBXBuildFile; fileRef = 389530981D658E9000E872C8 /* ViewController.swift */; };
		3895309C1D658E9000E872C8 /* Main.storyboard in Resources */ = {isa = PBXBuildFile; fileRef = 3895309A1D658E9000E872C8 /* Main.storyboard */; };
		3895309E1D658E9000E872C8 /* Assets.xcassets in Resources */ = {isa = PBXBuildFile; fileRef = 3895309D1D658E9000E872C8 /* Assets.xcassets */; };
		389530A11D658E9000E872C8 /* LaunchScreen.storyboard in Resources */ = {isa = PBXBuildFile; fileRef = 3895309F1D658E9000E872C8 /* LaunchScreen.storyboard */; };
		389530AC1D658E9000E872C8 /* WangYiNewsTests.swift in Sources */ = {isa = PBXBuildFile; fileRef = 389530AB1D658E9000E872C8 /* WangYiNewsTests.swift */; };
		389530B71D658E9000E872C8 /* WangYiNewsUITests.swift in Sources */ = {isa = PBXBuildFile; fileRef = 389530B61D658E9000E872C8 /* WangYiNewsUITests.swift */; };
		389530C51D65B49300E872C8 /* newsDetail.css in Resources */ = {isa = PBXBuildFile; fileRef = 389530C41D65B49300E872C8 /* newsDetail.css */; };
		389530C71D65B4BB00E872C8 /* newDetail.js in Resources */ = {isa = PBXBuildFile; fileRef = 389530C61D65B4BB00E872C8 /* newDetail.js */; };
		38B1FCDE1D66A88500181029 /* UIImage+Rotation.swift in Sources */ = {isa = PBXBuildFile; fileRef = 38B1FCCF1D66A88500181029 /* UIImage+Rotation.swift */; };
		38B1FCDF1D66A88500181029 /* UIView+Radius.swift in Sources */ = {isa = PBXBuildFile; fileRef = 38B1FCD01D66A88500181029 /* UIView+Radius.swift */; };
		38B1FCE01D66A88500181029 /* Info.plist in Resources */ = {isa = PBXBuildFile; fileRef = 38B1FCD11D66A88500181029 /* Info.plist */; };
		38B1FCE11D66A88500181029 /* SKCache.swift in Sources */ = {isa = PBXBuildFile; fileRef = 38B1FCD21D66A88500181029 /* SKCache.swift */; };
		38B1FCE21D66A88500181029 /* SKCacheable.swift in Sources */ = {isa = PBXBuildFile; fileRef = 38B1FCD31D66A88500181029 /* SKCacheable.swift */; };
		38B1FCE31D66A88500181029 /* SKCaptionView.swift in Sources */ = {isa = PBXBuildFile; fileRef = 38B1FCD41D66A88500181029 /* SKCaptionView.swift */; };
		38B1FCE41D66A88500181029 /* SKDetectingImageView.swift in Sources */ = {isa = PBXBuildFile; fileRef = 38B1FCD51D66A88500181029 /* SKDetectingImageView.swift */; };
		38B1FCE51D66A88500181029 /* SKDetectingView.swift in Sources */ = {isa = PBXBuildFile; fileRef = 38B1FCD61D66A88500181029 /* SKDetectingView.swift */; };
		38B1FCE61D66A88500181029 /* SKIndicatorView.swift in Sources */ = {isa = PBXBuildFile; fileRef = 38B1FCD71D66A88500181029 /* SKIndicatorView.swift */; };
		38B1FCE71D66A88500181029 /* SKLocalPhoto.swift in Sources */ = {isa = PBXBuildFile; fileRef = 38B1FCD81D66A88500181029 /* SKLocalPhoto.swift */; };
		38B1FCE81D66A88500181029 /* SKPhoto.swift in Sources */ = {isa = PBXBuildFile; fileRef = 38B1FCD91D66A88500181029 /* SKPhoto.swift */; };
		38B1FCE91D66A88500181029 /* SKPhotoBrowser.bundle in Resources */ = {isa = PBXBuildFile; fileRef = 38B1FCDA1D66A88500181029 /* SKPhotoBrowser.bundle */; };
		38B1FCEA1D66A88500181029 /* SKPhotoBrowser.swift in Sources */ = {isa = PBXBuildFile; fileRef = 38B1FCDC1D66A88500181029 /* SKPhotoBrowser.swift */; };
		38B1FCEB1D66A88500181029 /* SKZoomingScrollView.swift in Sources */ = {isa = PBXBuildFile; fileRef = 38B1FCDD1D66A88500181029 /* SKZoomingScrollView.swift */; };
/* End PBXBuildFile section */

/* Begin PBXContainerItemProxy section */
		389530A81D658E9000E872C8 /* PBXContainerItemProxy */ = {
			isa = PBXContainerItemProxy;
			containerPortal = 3895308B1D658E8F00E872C8 /* Project object */;
			proxyType = 1;
			remoteGlobalIDString = 389530921D658E8F00E872C8;
			remoteInfo = WangYiNews;
		};
		389530B31D658E9000E872C8 /* PBXContainerItemProxy */ = {
			isa = PBXContainerItemProxy;
			containerPortal = 3895308B1D658E8F00E872C8 /* Project object */;
			proxyType = 1;
			remoteGlobalIDString = 389530921D658E8F00E872C8;
			remoteInfo = WangYiNews;
		};
/* End PBXContainerItemProxy section */

/* Begin PBXFileReference section */
		389530931D658E8F00E872C8 /* WangYiNews.app */ = {isa = PBXFileReference; explicitFileType = wrapper.application; includeInIndex = 0; path = WangYiNews.app; sourceTree = BUILT_PRODUCTS_DIR; };
		389530961D658E9000E872C8 /* AppDelegate.swift */ = {isa = PBXFileReference; lastKnownFileType = sourcecode.swift; path = AppDelegate.swift; sourceTree = "<group>"; };
		389530981D658E9000E872C8 /* ViewController.swift */ = {isa = PBXFileReference; lastKnownFileType = sourcecode.swift; path = ViewController.swift; sourceTree = "<group>"; };
		3895309B1D658E9000E872C8 /* Base */ = {isa = PBXFileReference; lastKnownFileType = file.storyboard; name = Base; path = Base.lproj/Main.storyboard; sourceTree = "<group>"; };
		3895309D1D658E9000E872C8 /* Assets.xcassets */ = {isa = PBXFileReference; lastKnownFileType = folder.assetcatalog; path = Assets.xcassets; sourceTree = "<group>"; };
		389530A01D658E9000E872C8 /* Base */ = {isa = PBXFileReference; lastKnownFileType = file.storyboard; name = Base; path = Base.lproj/LaunchScreen.storyboard; sourceTree = "<group>"; };
		389530A21D658E9000E872C8 /* Info.plist */ = {isa = PBXFileReference; lastKnownFileType = text.plist.xml; path = Info.plist; sourceTree = "<group>"; };
		389530A71D658E9000E872C8 /* WangYiNewsTests.xctest */ = {isa = PBXFileReference; explicitFileType = wrapper.cfbundle; includeInIndex = 0; path = WangYiNewsTests.xctest; sourceTree = BUILT_PRODUCTS_DIR; };
		389530AB1D658E9000E872C8 /* WangYiNewsTests.swift */ = {isa = PBXFileReference; lastKnownFileType = sourcecode.swift; path = WangYiNewsTests.swift; sourceTree = "<group>"; };
		389530AD1D658E9000E872C8 /* Info.plist */ = {isa = PBXFileReference; lastKnownFileType = text.plist.xml; path = Info.plist; sourceTree = "<group>"; };
		389530B21D658E9000E872C8 /* WangYiNewsUITests.xctest */ = {isa = PBXFileReference; explicitFileType = wrapper.cfbundle; includeInIndex = 0; path = WangYiNewsUITests.xctest; sourceTree = BUILT_PRODUCTS_DIR; };
		389530B61D658E9000E872C8 /* WangYiNewsUITests.swift */ = {isa = PBXFileReference; lastKnownFileType = sourcecode.swift; path = WangYiNewsUITests.swift; sourceTree = "<group>"; };
		389530B81D658E9000E872C8 /* Info.plist */ = {isa = PBXFileReference; lastKnownFileType = text.plist.xml; path = Info.plist; sourceTree = "<group>"; };
		389530C41D65B49300E872C8 /* newsDetail.css */ = {isa = PBXFileReference; fileEncoding = 4; lastKnownFileType = text.css; path = newsDetail.css; sourceTree = "<group>"; };
		389530C61D65B4BB00E872C8 /* newDetail.js */ = {isa = PBXFileReference; fileEncoding = 4; lastKnownFileType = sourcecode.javascript; path = newDetail.js; sourceTree = "<group>"; };
		38B1FCCF1D66A88500181029 /* UIImage+Rotation.swift */ = {isa = PBXFileReference; fileEncoding = 4; lastKnownFileType = sourcecode.swift; path = "UIImage+Rotation.swift"; sourceTree = "<group>"; };
		38B1FCD01D66A88500181029 /* UIView+Radius.swift */ = {isa = PBXFileReference; fileEncoding = 4; lastKnownFileType = sourcecode.swift; path = "UIView+Radius.swift"; sourceTree = "<group>"; };
		38B1FCD11D66A88500181029 /* Info.plist */ = {isa = PBXFileReference; fileEncoding = 4; lastKnownFileType = text.plist.xml; path = Info.plist; sourceTree = "<group>"; };
		38B1FCD21D66A88500181029 /* SKCache.swift */ = {isa = PBXFileReference; fileEncoding = 4; lastKnownFileType = sourcecode.swift; path = SKCache.swift; sourceTree = "<group>"; };
		38B1FCD31D66A88500181029 /* SKCacheable.swift */ = {isa = PBXFileReference; fileEncoding = 4; lastKnownFileType = sourcecode.swift; path = SKCacheable.swift; sourceTree = "<group>"; };
		38B1FCD41D66A88500181029 /* SKCaptionView.swift */ = {isa = PBXFileReference; fileEncoding = 4; lastKnownFileType = sourcecode.swift; path = SKCaptionView.swift; sourceTree = "<group>"; };
		38B1FCD51D66A88500181029 /* SKDetectingImageView.swift */ = {isa = PBXFileReference; fileEncoding = 4; lastKnownFileType = sourcecode.swift; path = SKDetectingImageView.swift; sourceTree = "<group>"; };
		38B1FCD61D66A88500181029 /* SKDetectingView.swift */ = {isa = PBXFileReference; fileEncoding = 4; lastKnownFileType = sourcecode.swift; path = SKDetectingView.swift; sourceTree = "<group>"; };
		38B1FCD71D66A88500181029 /* SKIndicatorView.swift */ = {isa = PBXFileReference; fileEncoding = 4; lastKnownFileType = sourcecode.swift; path = SKIndicatorView.swift; sourceTree = "<group>"; };
		38B1FCD81D66A88500181029 /* SKLocalPhoto.swift */ = {isa = PBXFileReference; fileEncoding = 4; lastKnownFileType = sourcecode.swift; path = SKLocalPhoto.swift; sourceTree = "<group>"; };
		38B1FCD91D66A88500181029 /* SKPhoto.swift */ = {isa = PBXFileReference; fileEncoding = 4; lastKnownFileType = sourcecode.swift; path = SKPhoto.swift; sourceTree = "<group>"; };
		38B1FCDA1D66A88500181029 /* SKPhotoBrowser.bundle */ = {isa = PBXFileReference; lastKnownFileType = "wrapper.plug-in"; path = SKPhotoBrowser.bundle; sourceTree = "<group>"; };
		38B1FCDB1D66A88500181029 /* SKPhotoBrowser.h */ = {isa = PBXFileReference; fileEncoding = 4; lastKnownFileType = sourcecode.c.h; path = SKPhotoBrowser.h; sourceTree = "<group>"; };
		38B1FCDC1D66A88500181029 /* SKPhotoBrowser.swift */ = {isa = PBXFileReference; fileEncoding = 4; lastKnownFileType = sourcecode.swift; path = SKPhotoBrowser.swift; sourceTree = "<group>"; };
		38B1FCDD1D66A88500181029 /* SKZoomingScrollView.swift */ = {isa = PBXFileReference; fileEncoding = 4; lastKnownFileType = sourcecode.swift; path = SKZoomingScrollView.swift; sourceTree = "<group>"; };
/* End PBXFileReference section */

/* Begin PBXFrameworksBuildPhase section */
		389530901D658E8F00E872C8 /* Frameworks */ = {
			isa = PBXFrameworksBuildPhase;
			buildActionMask = 2147483647;
			files = (
			);
			runOnlyForDeploymentPostprocessing = 0;
		};
		389530A41D658E9000E872C8 /* Frameworks */ = {
			isa = PBXFrameworksBuildPhase;
			buildActionMask = 2147483647;
			files = (
			);
			runOnlyForDeploymentPostprocessing = 0;
		};
		389530AF1D658E9000E872C8 /* Frameworks */ = {
			isa = PBXFrameworksBuildPhase;
			buildActionMask = 2147483647;
			files = (
			);
			runOnlyForDeploymentPostprocessing = 0;
		};
/* End PBXFrameworksBuildPhase section */

/* Begin PBXGroup section */
		3895308A1D658E8F00E872C8 = {
			isa = PBXGroup;
			children = (
				389530951D658E9000E872C8 /* WangYiNews */,
				389530AA1D658E9000E872C8 /* WangYiNewsTests */,
				389530B51D658E9000E872C8 /* WangYiNewsUITests */,
				389530941D658E8F00E872C8 /* Products */,
			);
			sourceTree = "<group>";
		};
		389530941D658E8F00E872C8 /* Products */ = {
			isa = PBXGroup;
			children = (
				389530931D658E8F00E872C8 /* WangYiNews.app */,
				389530A71D658E9000E872C8 /* WangYiNewsTests.xctest */,
				389530B21D658E9000E872C8 /* WangYiNewsUITests.xctest */,
			);
			name = Products;
			sourceTree = "<group>";
		};
		389530951D658E9000E872C8 /* WangYiNews */ = {
			isa = PBXGroup;
			children = (
				38B1FCCD1D66A88500181029 /* SKPhotoBrowser */,
				389530961D658E9000E872C8 /* AppDelegate.swift */,
				389530981D658E9000E872C8 /* ViewController.swift */,
				3895309A1D658E9000E872C8 /* Main.storyboard */,
				3895309D1D658E9000E872C8 /* Assets.xcassets */,
				3895309F1D658E9000E872C8 /* LaunchScreen.storyboard */,
				389530A21D658E9000E872C8 /* Info.plist */,
				389530C41D65B49300E872C8 /* newsDetail.css */,
				389530C61D65B4BB00E872C8 /* newDetail.js */,
			);
			path = WangYiNews;
			sourceTree = "<group>";
		};
		389530AA1D658E9000E872C8 /* WangYiNewsTests */ = {
			isa = PBXGroup;
			children = (
				389530AB1D658E9000E872C8 /* WangYiNewsTests.swift */,
				389530AD1D658E9000E872C8 /* Info.plist */,
			);
			path = WangYiNewsTests;
			sourceTree = "<group>";
		};
		389530B51D658E9000E872C8 /* WangYiNewsUITests */ = {
			isa = PBXGroup;
			children = (
				389530B61D658E9000E872C8 /* WangYiNewsUITests.swift */,
				389530B81D658E9000E872C8 /* Info.plist */,
			);
			path = WangYiNewsUITests;
			sourceTree = "<group>";
		};
		38B1FCCD1D66A88500181029 /* SKPhotoBrowser */ = {
			isa = PBXGroup;
			children = (
				38B1FCCE1D66A88500181029 /* extensions */,
				38B1FCD11D66A88500181029 /* Info.plist */,
				38B1FCD21D66A88500181029 /* SKCache.swift */,
				38B1FCD31D66A88500181029 /* SKCacheable.swift */,
				38B1FCD41D66A88500181029 /* SKCaptionView.swift */,
				38B1FCD51D66A88500181029 /* SKDetectingImageView.swift */,
				38B1FCD61D66A88500181029 /* SKDetectingView.swift */,
				38B1FCD71D66A88500181029 /* SKIndicatorView.swift */,
				38B1FCD81D66A88500181029 /* SKLocalPhoto.swift */,
				38B1FCD91D66A88500181029 /* SKPhoto.swift */,
				38B1FCDA1D66A88500181029 /* SKPhotoBrowser.bundle */,
				38B1FCDB1D66A88500181029 /* SKPhotoBrowser.h */,
				38B1FCDC1D66A88500181029 /* SKPhotoBrowser.swift */,
				38B1FCDD1D66A88500181029 /* SKZoomingScrollView.swift */,
			);
			path = SKPhotoBrowser;
			sourceTree = "<group>";
		};
		38B1FCCE1D66A88500181029 /* extensions */ = {
			isa = PBXGroup;
			children = (
				38B1FCCF1D66A88500181029 /* UIImage+Rotation.swift */,
				38B1FCD01D66A88500181029 /* UIView+Radius.swift */,
			);
			path = extensions;
			sourceTree = "<group>";
		};
/* End PBXGroup section */

/* Begin PBXNativeTarget section */
		389530921D658E8F00E872C8 /* WangYiNews */ = {
			isa = PBXNativeTarget;
			buildConfigurationList = 389530BB1D658E9000E872C8 /* Build configuration list for PBXNativeTarget "WangYiNews" */;
			buildPhases = (
				3895308F1D658E8F00E872C8 /* Sources */,
				389530901D658E8F00E872C8 /* Frameworks */,
				389530911D658E8F00E872C8 /* Resources */,
			);
			buildRules = (
			);
			dependencies = (
			);
			name = WangYiNews;
			productName = WangYiNews;
			productReference = 389530931D658E8F00E872C8 /* WangYiNews.app */;
			productType = "com.apple.product-type.application";
		};
		389530A61D658E9000E872C8 /* WangYiNewsTests */ = {
			isa = PBXNativeTarget;
			buildConfigurationList = 389530BE1D658E9000E872C8 /* Build configuration list for PBXNativeTarget "WangYiNewsTests" */;
			buildPhases = (
				389530A31D658E9000E872C8 /* Sources */,
				389530A41D658E9000E872C8 /* Frameworks */,
				389530A51D658E9000E872C8 /* Resources */,
			);
			buildRules = (
			);
			dependencies = (
				389530A91D658E9000E872C8 /* PBXTargetDependency */,
			);
			name = WangYiNewsTests;
			productName = WangYiNewsTests;
			productReference = 389530A71D658E9000E872C8 /* WangYiNewsTests.xctest */;
			productType = "com.apple.product-type.bundle.unit-test";
		};
		389530B11D658E9000E872C8 /* WangYiNewsUITests */ = {
			isa = PBXNativeTarget;
			buildConfigurationList = 389530C11D658E9000E872C8 /* Build configuration list for PBXNativeTarget "WangYiNewsUITests" */;
			buildPhases = (
				389530AE1D658E9000E872C8 /* Sources */,
				389530AF1D658E9000E872C8 /* Frameworks */,
				389530B01D658E9000E872C8 /* Resources */,
			);
			buildRules = (
			);
			dependencies = (
				389530B41D658E9000E872C8 /* PBXTargetDependency */,
			);
			name = WangYiNewsUITests;
			productName = WangYiNewsUITests;
			productReference = 389530B21D658E9000E872C8 /* WangYiNewsUITests.xctest */;
			productType = "com.apple.product-type.bundle.ui-testing";
		};
/* End PBXNativeTarget section */

/* Begin PBXProject section */
		3895308B1D658E8F00E872C8 /* Project object */ = {
			isa = PBXProject;
			attributes = {
				LastSwiftUpdateCheck = 0730;
				LastUpgradeCheck = 0730;
				ORGANIZATIONNAME = "朱德强";
				TargetAttributes = {
					389530921D658E8F00E872C8 = {
						CreatedOnToolsVersion = 7.3.1;
					};
					389530A61D658E9000E872C8 = {
						CreatedOnToolsVersion = 7.3.1;
						TestTargetID = 389530921D658E8F00E872C8;
					};
					389530B11D658E9000E872C8 = {
						CreatedOnToolsVersion = 7.3.1;
						TestTargetID = 389530921D658E8F00E872C8;
					};
				};
			};
			buildConfigurationList = 3895308E1D658E8F00E872C8 /* Build configuration list for PBXProject "WangYiNews" */;
			compatibilityVersion = "Xcode 3.2";
			developmentRegion = English;
			hasScannedForEncodings = 0;
			knownRegions = (
				en,
				Base,
			);
			mainGroup = 3895308A1D658E8F00E872C8;
			productRefGroup = 389530941D658E8F00E872C8 /* Products */;
			projectDirPath = "";
			projectRoot = "";
			targets = (
				389530921D658E8F00E872C8 /* WangYiNews */,
				389530A61D658E9000E872C8 /* WangYiNewsTests */,
				389530B11D658E9000E872C8 /* WangYiNewsUITests */,
			);
		};
/* End PBXProject section */

/* Begin PBXResourcesBuildPhase section */
		389530911D658E8F00E872C8 /* Resources */ = {
			isa = PBXResourcesBuildPhase;
			buildActionMask = 2147483647;
			files = (
				389530A11D658E9000E872C8 /* LaunchScreen.storyboard in Resources */,
				389530C51D65B49300E872C8 /* newsDetail.css in Resources */,
				38B1FCE01D66A88500181029 /* Info.plist in Resources */,
				38B1FCE91D66A88500181029 /* SKPhotoBrowser.bundle in Resources */,
				3895309E1D658E9000E872C8 /* Assets.xcassets in Resources */,
				3895309C1D658E9000E872C8 /* Main.storyboard in Resources */,
				389530C71D65B4BB00E872C8 /* newDetail.js in Resources */,
			);
			runOnlyForDeploymentPostprocessing = 0;
		};
		389530A51D658E9000E872C8 /* Resources */ = {
			isa = PBXResourcesBuildPhase;
			buildActionMask = 2147483647;
			files = (
			);
			runOnlyForDeploymentPostprocessing = 0;
		};
		389530B01D658E9000E872C8 /* Resources */ = {
			isa = PBXResourcesBuildPhase;
			buildActionMask = 2147483647;
			files = (
			);
			runOnlyForDeploymentPostprocessing = 0;
		};
/* End PBXResourcesBuildPhase section */

/* Begin PBXSourcesBuildPhase section */
		3895308F1D658E8F00E872C8 /* Sources */ = {
			isa = PBXSourcesBuildPhase;
			buildActionMask = 2147483647;
			files = (
				38B1FCE81D66A88500181029 /* SKPhoto.swift in Sources */,
				38B1FCE41D66A88500181029 /* SKDetectingImageView.swift in Sources */,
				389530991D658E9000E872C8 /* ViewController.swift in Sources */,
				38B1FCE61D66A88500181029 /* SKIndicatorView.swift in Sources */,
				389530971D658E9000E872C8 /* AppDelegate.swift in Sources */,
				38B1FCEA1D66A88500181029 /* SKPhotoBrowser.swift in Sources */,
				38B1FCDF1D66A88500181029 /* UIView+Radius.swift in Sources */,
				38B1FCDE1D66A88500181029 /* UIImage+Rotation.swift in Sources */,
				38B1FCE71D66A88500181029 /* SKLocalPhoto.swift in Sources */,
				38B1FCE21D66A88500181029 /* SKCacheable.swift in Sources */,
				38B1FCE51D66A88500181029 /* SKDetectingView.swift in Sources */,
				38B1FCE31D66A88500181029 /* SKCaptionView.swift in Sources */,
				38B1FCE11D66A88500181029 /* SKCache.swift in Sources */,
				38B1FCEB1D66A88500181029 /* SKZoomingScrollView.swift in Sources */,
			);
			runOnlyForDeploymentPostprocessing = 0;
		};
		389530A31D658E9000E872C8 /* Sources */ = {
			isa = PBXSourcesBuildPhase;
			buildActionMask = 2147483647;
			files = (
				389530AC1D658E9000E872C8 /* WangYiNewsTests.swift in Sources */,
			);
			runOnlyForDeploymentPostprocessing = 0;
		};
		389530AE1D658E9000E872C8 /* Sources */ = {
			isa = PBXSourcesBuildPhase;
			buildActionMask = 2147483647;
			files = (
				389530B71D658E9000E872C8 /* WangYiNewsUITests.swift in Sources */,
			);
			runOnlyForDeploymentPostprocessing = 0;
		};
/* End PBXSourcesBuildPhase section */

/* Begin PBXTargetDependency section */
		389530A91D658E9000E872C8 /* PBXTargetDependency */ = {
			isa = PBXTargetDependency;
			target = 389530921D658E8F00E872C8 /* WangYiNews */;
			targetProxy = 389530A81D658E9000E872C8 /* PBXContainerItemProxy */;
		};
		389530B41D658E9000E872C8 /* PBXTargetDependency */ = {
			isa = PBXTargetDependency;
			target = 389530921D658E8F00E872C8 /* WangYiNews */;
			targetProxy = 389530B31D658E9000E872C8 /* PBXContainerItemProxy */;
		};
/* End PBXTargetDependency section */

/* Begin PBXVariantGroup section */
		3895309A1D658E9000E872C8 /* Main.storyboard */ = {
			isa = PBXVariantGroup;
			children = (
				3895309B1D658E9000E872C8 /* Base */,
			);
			name = Main.storyboard;
			sourceTree = "<group>";
		};
		3895309F1D658E9000E872C8 /* LaunchScreen.storyboard */ = {
			isa = PBXVariantGroup;
			children = (
				389530A01D658E9000E872C8 /* Base */,
			);
			name = LaunchScreen.storyboard;
			sourceTree = "<group>";
		};
/* End PBXVariantGroup section */

/* Begin XCBuildConfiguration section */
		389530B91D658E9000E872C8 /* Debug */ = {
			isa = XCBuildConfiguration;
			buildSettings = {
				ALWAYS_SEARCH_USER_PATHS = NO;
				CLANG_ANALYZER_NONNULL = YES;
				CLANG_CXX_LANGUAGE_STANDARD = "gnu++0x";
				CLANG_CXX_LIBRARY = "libc++";
				CLANG_ENABLE_MODULES = YES;
				CLANG_ENABLE_OBJC_ARC = YES;
				CLANG_WARN_BOOL_CONVERSION = YES;
				CLANG_WARN_CONSTANT_CONVERSION = YES;
				CLANG_WARN_DIRECT_OBJC_ISA_USAGE = YES_ERROR;
				CLANG_WARN_EMPTY_BODY = YES;
				CLANG_WARN_ENUM_CONVERSION = YES;
				CLANG_WARN_INT_CONVERSION = YES;
				CLANG_WARN_OBJC_ROOT_CLASS = YES_ERROR;
				CLANG_WARN_UNREACHABLE_CODE = YES;
				CLANG_WARN__DUPLICATE_METHOD_MATCH = YES;
				"CODE_SIGN_IDENTITY[sdk=iphoneos*]" = "iPhone Developer";
				COPY_PHASE_STRIP = NO;
				DEBUG_INFORMATION_FORMAT = dwarf;
				ENABLE_STRICT_OBJC_MSGSEND = YES;
				ENABLE_TESTABILITY = YES;
				GCC_C_LANGUAGE_STANDARD = gnu99;
				GCC_DYNAMIC_NO_PIC = NO;
				GCC_NO_COMMON_BLOCKS = YES;
				GCC_OPTIMIZATION_LEVEL = 0;
				GCC_PREPROCESSOR_DEFINITIONS = (
					"DEBUG=1",
					"$(inherited)",
				);
				GCC_WARN_64_TO_32_BIT_CONVERSION = YES;
				GCC_WARN_ABOUT_RETURN_TYPE = YES_ERROR;
				GCC_WARN_UNDECLARED_SELECTOR = YES;
				GCC_WARN_UNINITIALIZED_AUTOS = YES_AGGRESSIVE;
				GCC_WARN_UNUSED_FUNCTION = YES;
				GCC_WARN_UNUSED_VARIABLE = YES;
				IPHONEOS_DEPLOYMENT_TARGET = 9.3;
				MTL_ENABLE_DEBUG_INFO = YES;
				ONLY_ACTIVE_ARCH = YES;
				SDKROOT = iphoneos;
				SWIFT_OPTIMIZATION_LEVEL = "-Onone";
				TARGETED_DEVICE_FAMILY = "1,2";
			};
			name = Debug;
		};
		389530BA1D658E9000E872C8 /* Release */ = {
			isa = XCBuildConfiguration;
			buildSettings = {
				ALWAYS_SEARCH_USER_PATHS = NO;
				CLANG_ANALYZER_NONNULL = YES;
				CLANG_CXX_LANGUAGE_STANDARD = "gnu++0x";
				CLANG_CXX_LIBRARY = "libc++";
				CLANG_ENABLE_MODULES = YES;
				CLANG_ENABLE_OBJC_ARC = YES;
				CLANG_WARN_BOOL_CONVERSION = YES;
				CLANG_WARN_CONSTANT_CONVERSION = YES;
				CLANG_WARN_DIRECT_OBJC_ISA_USAGE = YES_ERROR;
				CLANG_WARN_EMPTY_BODY = YES;
				CLANG_WARN_ENUM_CONVERSION = YES;
				CLANG_WARN_INT_CONVERSION = YES;
				CLANG_WARN_OBJC_ROOT_CLASS = YES_ERROR;
				CLANG_WARN_UNREACHABLE_CODE = YES;
				CLANG_WARN__DUPLICATE_METHOD_MATCH = YES;
				"CODE_SIGN_IDENTITY[sdk=iphoneos*]" = "iPhone Developer";
				COPY_PHASE_STRIP = NO;
				DEBUG_INFORMATION_FORMAT = "dwarf-with-dsym";
				ENABLE_NS_ASSERTIONS = NO;
				ENABLE_STRICT_OBJC_MSGSEND = YES;
				GCC_C_LANGUAGE_STANDARD = gnu99;
				GCC_NO_COMMON_BLOCKS = YES;
				GCC_WARN_64_TO_32_BIT_CONVERSION = YES;
				GCC_WARN_ABOUT_RETURN_TYPE = YES_ERROR;
				GCC_WARN_UNDECLARED_SELECTOR = YES;
				GCC_WARN_UNINITIALIZED_AUTOS = YES_AGGRESSIVE;
				GCC_WARN_UNUSED_FUNCTION = YES;
				GCC_WARN_UNUSED_VARIABLE = YES;
				IPHONEOS_DEPLOYMENT_TARGET = 9.3;
				MTL_ENABLE_DEBUG_INFO = NO;
				SDKROOT = iphoneos;
				TARGETED_DEVICE_FAMILY = "1,2";
				VALIDATE_PRODUCT = YES;
			};
			name = Release;
		};
		389530BC1D658E9000E872C8 /* Debug */ = {
			isa = XCBuildConfiguration;
			buildSettings = {
				ASSETCATALOG_COMPILER_APPICON_NAME = AppIcon;
				INFOPLIST_FILE = WangYiNews/Info.plist;
				LD_RUNPATH_SEARCH_PATHS = "$(inherited) @executable_path/Frameworks";
				PRODUCT_BUNDLE_IDENTIFIER = com.yb.cn.WangYiNews;
				PRODUCT_NAME = "$(TARGET_NAME)";
			};
			name = Debug;
		};
		389530BD1D658E9000E872C8 /* Release */ = {
			isa = XCBuildConfiguration;
			buildSettings = {
				ASSETCATALOG_COMPILER_APPICON_NAME = AppIcon;
				INFOPLIST_FILE = WangYiNews/Info.plist;
				LD_RUNPATH_SEARCH_PATHS = "$(inherited) @executable_path/Frameworks";
				PRODUCT_BUNDLE_IDENTIFIER = com.yb.cn.WangYiNews;
				PRODUCT_NAME = "$(TARGET_NAME)";
			};
			name = Release;
		};
		389530BF1D658E9000E872C8 /* Debug */ = {
			isa = XCBuildConfiguration;
			buildSettings = {
				BUNDLE_LOADER = "$(TEST_HOST)";
				INFOPLIST_FILE = WangYiNewsTests/Info.plist;
				LD_RUNPATH_SEARCH_PATHS = "$(inherited) @executable_path/Frameworks @loader_path/Frameworks";
				PRODUCT_BUNDLE_IDENTIFIER = com.yb.cn.WangYiNewsTests;
				PRODUCT_NAME = "$(TARGET_NAME)";
				TEST_HOST = "$(BUILT_PRODUCTS_DIR)/WangYiNews.app/WangYiNews";
			};
			name = Debug;
		};
		389530C01D658E9000E872C8 /* Release */ = {
			isa = XCBuildConfiguration;
			buildSettings = {
				BUNDLE_LOADER = "$(TEST_HOST)";
				INFOPLIST_FILE = WangYiNewsTests/Info.plist;
				LD_RUNPATH_SEARCH_PATHS = "$(inherited) @executable_path/Frameworks @loader_path/Frameworks";
				PRODUCT_BUNDLE_IDENTIFIER = com.yb.cn.WangYiNewsTests;
				PRODUCT_NAME = "$(TARGET_NAME)";
				TEST_HOST = "$(BUILT_PRODUCTS_DIR)/WangYiNews.app/WangYiNews";
			};
			name = Release;
		};
		389530C21D658E9000E872C8 /* Debug */ = {
			isa = XCBuildConfiguration;
			buildSettings = {
				INFOPLIST_FILE = WangYiNewsUITests/Info.plist;
				LD_RUNPATH_SEARCH_PATHS = "$(inherited) @executable_path/Frameworks @loader_path/Frameworks";
				PRODUCT_BUNDLE_IDENTIFIER = com.yb.cn.WangYiNewsUITests;
				PRODUCT_NAME = "$(TARGET_NAME)";
				TEST_TARGET_NAME = WangYiNews;
			};
			name = Debug;
		};
		389530C31D658E9000E872C8 /* Release */ = {
			isa = XCBuildConfiguration;
			buildSettings = {
				INFOPLIST_FILE = WangYiNewsUITests/Info.plist;
				LD_RUNPATH_SEARCH_PATHS = "$(inherited) @executable_path/Frameworks @loader_path/Frameworks";
				PRODUCT_BUNDLE_IDENTIFIER = com.yb.cn.WangYiNewsUITests;
				PRODUCT_NAME = "$(TARGET_NAME)";
				TEST_TARGET_NAME = WangYiNews;
			};
			name = Release;
		};
/* End XCBuildConfiguration section */

/* Begin XCConfigurationList section */
		3895308E1D658E8F00E872C8 /* Build configuration list for PBXProject "WangYiNews" */ = {
			isa = XCConfigurationList;
			buildConfigurations = (
				389530B91D658E9000E872C8 /* Debug */,
				389530BA1D658E9000E872C8 /* Release */,
			);
			defaultConfigurationIsVisible = 0;
			defaultConfigurationName = Release;
		};
		389530BB1D658E9000E872C8 /* Build configuration list for PBXNativeTarget "WangYiNews" */ = {
			isa = XCConfigurationList;
			buildConfigurations = (
				389530BC1D658E9000E872C8 /* Debug */,
				389530BD1D658E9000E872C8 /* Release */,
			);
			defaultConfigurationIsVisible = 0;
			defaultConfigurationName = Release;
		};
		389530BE1D658E9000E872C8 /* Build configuration list for PBXNativeTarget "WangYiNewsTests" */ = {
			isa = XCConfigurationList;
			buildConfigurations = (
				389530BF1D658E9000E872C8 /* Debug */,
				389530C01D658E9000E872C8 /* Release */,
			);
			defaultConfigurationIsVisible = 0;
			defaultConfigurationName = Release;
		};
		389530C11D658E9000E872C8 /* Build configuration list for PBXNativeTarget "WangYiNewsUITests" */ = {
			isa = XCConfigurationList;
			buildConfigurations = (
				389530C21D658E9000E872C8 /* Debug */,
				389530C31D658E9000E872C8 /* Release */,
			);
			defaultConfigurationIsVisible = 0;
			defaultConfigurationName = Release;
		};
/* End XCConfigurationList section */
	};
	rootObject = 3895308B1D658E8F00E872C8 /* Project object */;
}
